// !$*UTF8*$!
{
	archiveVersion = 1;
	classes = {
	};
	objectVersion = 56;
	objects = {

/* Begin PBXBuildFile section */
		9967A4DD2C08A6E800960454 /* GK_DemoApp.swift in Sources */ = {isa = PBXBuildFile; fileRef = 9967A4DC2C08A6E800960454 /* GK_DemoApp.swift */; };
		9967A4DF2C08A6E800960454 /* ContentView.swift in Sources */ = {isa = PBXBuildFile; fileRef = 9967A4DE2C08A6E800960454 /* ContentView.swift */; };
		9967A4E12C08A6E800960454 /* Item.swift in Sources */ = {isa = PBXBuildFile; fileRef = 9967A4E02C08A6E800960454 /* Item.swift */; };
		9967A4E32C08A6EA00960454 /* Assets.xcassets in Resources */ = {isa = PBXBuildFile; fileRef = 9967A4E22C08A6EA00960454 /* Assets.xcassets */; };
		9967A4E62C08A6EA00960454 /* Preview Assets.xcassets in Resources */ = {isa = PBXBuildFile; fileRef = 9967A4E52C08A6EA00960454 /* Preview Assets.xcassets */; };
		9967A4F02C08A6EA00960454 /* GK_DemoTests.swift in Sources */ = {isa = PBXBuildFile; fileRef = 9967A4EF2C08A6EA00960454 /* GK_DemoTests.swift */; };
		9967A4FA2C08A6EA00960454 /* GK_DemoUITests.swift in Sources */ = {isa = PBXBuildFile; fileRef = 9967A4F92C08A6EA00960454 /* GK_DemoUITests.swift */; };
		9967A4FC2C08A6EA00960454 /* GK_DemoUITestsLaunchTests.swift in Sources */ = {isa = PBXBuildFile; fileRef = 9967A4FB2C08A6EA00960454 /* GK_DemoUITestsLaunchTests.swift */; };
/* End PBXBuildFile section */

/* Begin PBXContainerItemProxy section */
		9967A4EC2C08A6EA00960454 /* PBXContainerItemProxy */ = {
			isa = PBXContainerItemProxy;
			containerPortal = 9967A4D12C08A6E800960454 /* Project object */;
			proxyType = 1;
			remoteGlobalIDString = 9967A4D82C08A6E800960454;
			remoteInfo = "GK-Demo";
		};
		9967A4F62C08A6EA00960454 /* PBXContainerItemProxy */ = {
			isa = PBXContainerItemProxy;
			containerPortal = 9967A4D12C08A6E800960454 /* Project object */;
			proxyType = 1;
			remoteGlobalIDString = 9967A4D82C08A6E800960454;
			remoteInfo = "GK-Demo";
		};
/* End PBXContainerItemProxy section */

/* Begin PBXFileReference section */
		9967A4D92C08A6E800960454 /* GK-Demo.app */ = {isa = PBXFileReference; explicitFileType = wrapper.application; includeInIndex = 0; path = "GK-Demo.app"; sourceTree = BUILT_PRODUCTS_DIR; };
		9967A4DC2C08A6E800960454 /* GK_DemoApp.swift */ = {isa = PBXFileReference; lastKnownFileType = sourcecode.swift; path = GK_DemoApp.swift; sourceTree = "<group>"; };
		9967A4DE2C08A6E800960454 /* ContentView.swift */ = {isa = PBXFileReference; lastKnownFileType = sourcecode.swift; path = ContentView.swift; sourceTree = "<group>"; };
		9967A4E02C08A6E800960454 /* Item.swift */ = {isa = PBXFileReference; lastKnownFileType = sourcecode.swift; path = Item.swift; sourceTree = "<group>"; };
		9967A4E22C08A6EA00960454 /* Assets.xcassets */ = {isa = PBXFileReference; lastKnownFileType = folder.assetcatalog; path = Assets.xcassets; sourceTree = "<group>"; };
		9967A4E52C08A6EA00960454 /* Preview Assets.xcassets */ = {isa = PBXFileReference; lastKnownFileType = folder.assetcatalog; path = "Preview Assets.xcassets"; sourceTree = "<group>"; };
		9967A4EB2C08A6EA00960454 /* GK-DemoTests.xctest */ = {isa = PBXFileReference; explicitFileType = wrapper.cfbundle; includeInIndex = 0; path = "GK-DemoTests.xctest"; sourceTree = BUILT_PRODUCTS_DIR; };
		9967A4EF2C08A6EA00960454 /* GK_DemoTests.swift */ = {isa = PBXFileReference; lastKnownFileType = sourcecode.swift; path = GK_DemoTests.swift; sourceTree = "<group>"; };
		9967A4F52C08A6EA00960454 /* GK-DemoUITests.xctest */ = {isa = PBXFileReference; explicitFileType = wrapper.cfbundle; includeInIndex = 0; path = "GK-DemoUITests.xctest"; sourceTree = BUILT_PRODUCTS_DIR; };
		9967A4F92C08A6EA00960454 /* GK_DemoUITests.swift */ = {isa = PBXFileReference; lastKnownFileType = sourcecode.swift; path = GK_DemoUITests.swift; sourceTree = "<group>"; };
		9967A4FB2C08A6EA00960454 /* GK_DemoUITestsLaunchTests.swift */ = {isa = PBXFileReference; lastKnownFileType = sourcecode.swift; path = GK_DemoUITestsLaunchTests.swift; sourceTree = "<group>"; };
/* End PBXFileReference section */

/* Begin PBXFrameworksBuildPhase section */
		9967A4D62C08A6E800960454 /* Frameworks */ = {
			isa = PBXFrameworksBuildPhase;
			buildActionMask = 2147483647;
			files = (
			);
			runOnlyForDeploymentPostprocessing = 0;
		};
		9967A4E82C08A6EA00960454 /* Frameworks */ = {
			isa = PBXFrameworksBuildPhase;
			buildActionMask = 2147483647;
			files = (
			);
			runOnlyForDeploymentPostprocessing = 0;
		};
		9967A4F22C08A6EA00960454 /* Frameworks */ = {
			isa = PBXFrameworksBuildPhase;
			buildActionMask = 2147483647;
			files = (
			);
			runOnlyForDeploymentPostprocessing = 0;
		};
/* End PBXFrameworksBuildPhase section */

/* Begin PBXGroup section */
		9967A4D02C08A6E800960454 = {
			isa = PBXGroup;
			children = (
				9967A4DB2C08A6E800960454 /* GK-Demo */,
				9967A4EE2C08A6EA00960454 /* GK-DemoTests */,
				9967A4F82C08A6EA00960454 /* GK-DemoUITests */,
				9967A4DA2C08A6E800960454 /* Products */,
			);
			sourceTree = "<group>";
		};
		9967A4DA2C08A6E800960454 /* Products */ = {
			isa = PBXGroup;
			children = (
				9967A4D92C08A6E800960454 /* GK-Demo.app */,
				9967A4EB2C08A6EA00960454 /* GK-DemoTests.xctest */,
				9967A4F52C08A6EA00960454 /* GK-DemoUITests.xctest */,
			);
			name = Products;
			sourceTree = "<group>";
		};
		9967A4DB2C08A6E800960454 /* GK-Demo */ = {
			isa = PBXGroup;
			children = (
				9967A4DC2C08A6E800960454 /* GK_DemoApp.swift */,
				9967A4DE2C08A6E800960454 /* ContentView.swift */,
				9967A4E02C08A6E800960454 /* Item.swift */,
				9967A4E22C08A6EA00960454 /* Assets.xcassets */,
				9967A4E42C08A6EA00960454 /* Preview Content */,
			);
			path = "GK-Demo";
			sourceTree = "<group>";
		};
		9967A4E42C08A6EA00960454 /* Preview Content */ = {
			isa = PBXGroup;
			children = (
				9967A4E52C08A6EA00960454 /* Preview Assets.xcassets */,
			);
			path = "Preview Content";
			sourceTree = "<group>";
		};
		9967A4EE2C08A6EA00960454 /* GK-DemoTests */ = {
			isa = PBXGroup;
			children = (
				9967A4EF2C08A6EA00960454 /* GK_DemoTests.swift */,
			);
			path = "GK-DemoTests";
			sourceTree = "<group>";
		};
		9967A4F82C08A6EA00960454 /* GK-DemoUITests */ = {
			isa = PBXGroup;
			children = (
				9967A4F92C08A6EA00960454 /* GK_DemoUITests.swift */,
				9967A4FB2C08A6EA00960454 /* GK_DemoUITestsLaunchTests.swift */,
			);
			path = "GK-DemoUITests";
			sourceTree = "<group>";
		};
/* End PBXGroup section */

/* Begin PBXNativeTarget section */
		9967A4D82C08A6E800960454 /* GK-Demo */ = {
			isa = PBXNativeTarget;
			buildConfigurationList = 9967A4FF2C08A6EA00960454 /* Build configuration list for PBXNativeTarget "GK-Demo" */;
			buildPhases = (
				9967A4D52C08A6E800960454 /* Sources */,
				9967A4D62C08A6E800960454 /* Frameworks */,
				9967A4D72C08A6E800960454 /* Resources */,
			);
			buildRules = (
			);
			dependencies = (
			);
			name = "GK-Demo";
			productName = "GK-Demo";
			productReference = 9967A4D92C08A6E800960454 /* GK-Demo.app */;
			productType = "com.apple.product-type.application";
		};
		9967A4EA2C08A6EA00960454 /* GK-DemoTests */ = {
			isa = PBXNativeTarget;
			buildConfigurationList = 9967A5022C08A6EA00960454 /* Build configuration list for PBXNativeTarget "GK-DemoTests" */;
			buildPhases = (
				9967A4E72C08A6EA00960454 /* Sources */,
				9967A4E82C08A6EA00960454 /* Frameworks */,
				9967A4E92C08A6EA00960454 /* Resources */,
			);
			buildRules = (
			);
			dependencies = (
				9967A4ED2C08A6EA00960454 /* PBXTargetDependency */,
			);
			name = "GK-DemoTests";
			productName = "GK-DemoTests";
			productReference = 9967A4EB2C08A6EA00960454 /* GK-DemoTests.xctest */;
			productType = "com.apple.product-type.bundle.unit-test";
		};
		9967A4F42C08A6EA00960454 /* GK-DemoUITests */ = {
			isa = PBXNativeTarget;
			buildConfigurationList = 9967A5052C08A6EA00960454 /* Build configuration list for PBXNativeTarget "GK-DemoUITests" */;
			buildPhases = (
				9967A4F12C08A6EA00960454 /* Sources */,
				9967A4F22C08A6EA00960454 /* Frameworks */,
				9967A4F32C08A6EA00960454 /* Resources */,
			);
			buildRules = (
			);
			dependencies = (
				9967A4F72C08A6EA00960454 /* PBXTargetDependency */,
			);
			name = "GK-DemoUITests";
			productName = "GK-DemoUITests";
			productReference = 9967A4F52C08A6EA00960454 /* GK-DemoUITests.xctest */;
			productType = "com.apple.product-type.bundle.ui-testing";
		};
/* End PBXNativeTarget section */

/* Begin PBXProject section */
		9967A4D12C08A6E800960454 /* Project object */ = {
			isa = PBXProject;
			attributes = {
				BuildIndependentTargetsInParallel = 1;
				LastSwiftUpdateCheck = 1540;
				LastUpgradeCheck = 1540;
				TargetAttributes = {
					9967A4D82C08A6E800960454 = {
						CreatedOnToolsVersion = 15.4;
					};
					9967A4EA2C08A6EA00960454 = {
						CreatedOnToolsVersion = 15.4;
						TestTargetID = 9967A4D82C08A6E800960454;
					};
					9967A4F42C08A6EA00960454 = {
						CreatedOnToolsVersion = 15.4;
						TestTargetID = 9967A4D82C08A6E800960454;
					};
				};
			};
			buildConfigurationList = 9967A4D42C08A6E800960454 /* Build configuration list for PBXProject "GK-Demo" */;
			compatibilityVersion = "Xcode 14.0";
			developmentRegion = en;
			hasScannedForEncodings = 0;
			knownRegions = (
				en,
				Base,
			);
			mainGroup = 9967A4D02C08A6E800960454;
			productRefGroup = 9967A4DA2C08A6E800960454 /* Products */;
			projectDirPath = "";
			projectRoot = "";
			targets = (
				9967A4D82C08A6E800960454 /* GK-Demo */,
				9967A4EA2C08A6EA00960454 /* GK-DemoTests */,
				9967A4F42C08A6EA00960454 /* GK-DemoUITests */,
			);
		};
/* End PBXProject section */

/* Begin PBXResourcesBuildPhase section */
		9967A4D72C08A6E800960454 /* Resources */ = {
			isa = PBXResourcesBuildPhase;
			buildActionMask = 2147483647;
			files = (
				9967A4E62C08A6EA00960454 /* Preview Assets.xcassets in Resources */,
				9967A4E32C08A6EA00960454 /* Assets.xcassets in Resources */,
			);
			runOnlyForDeploymentPostprocessing = 0;
		};
		9967A4E92C08A6EA00960454 /* Resources */ = {
			isa = PBXResourcesBuildPhase;
			buildActionMask = 2147483647;
			files = (
			);
			runOnlyForDeploymentPostprocessing = 0;
		};
		9967A4F32C08A6EA00960454 /* Resources */ = {
			isa = PBXResourcesBuildPhase;
			buildActionMask = 2147483647;
			files = (
			);
			runOnlyForDeploymentPostprocessing = 0;
		};
/* End PBXResourcesBuildPhase section */

/* Begin PBXSourcesBuildPhase section */
		9967A4D52C08A6E800960454 /* Sources */ = {
			isa = PBXSourcesBuildPhase;
			buildActionMask = 2147483647;
			files = (
				9967A4DF2C08A6E800960454 /* ContentView.swift in Sources */,
				9967A4E12C08A6E800960454 /* Item.swift in Sources */,
				9967A4DD2C08A6E800960454 /* GK_DemoApp.swift in Sources */,
			);
			runOnlyForDeploymentPostprocessing = 0;
		};
		9967A4E72C08A6EA00960454 /* Sources */ = {
			isa = PBXSourcesBuildPhase;
			buildActionMask = 2147483647;
			files = (
				9967A4F02C08A6EA00960454 /* GK_DemoTests.swift in Sources */,
			);
			runOnlyForDeploymentPostprocessing = 0;
		};
		9967A4F12C08A6EA00960454 /* Sources */ = {
			isa = PBXSourcesBuildPhase;
			buildActionMask = 2147483647;
			files = (
				9967A4FA2C08A6EA00960454 /* GK_DemoUITests.swift in Sources */,
				9967A4FC2C08A6EA00960454 /* GK_DemoUITestsLaunchTests.swift in Sources */,
			);
			runOnlyForDeploymentPostprocessing = 0;
		};
/* End PBXSourcesBuildPhase section */

/* Begin PBXTargetDependency section */
		9967A4ED2C08A6EA00960454 /* PBXTargetDependency */ = {
			isa = PBXTargetDependency;
			target = 9967A4D82C08A6E800960454 /* GK-Demo */;
			targetProxy = 9967A4EC2C08A6EA00960454 /* PBXContainerItemProxy */;
		};
		9967A4F72C08A6EA00960454 /* PBXTargetDependency */ = {
			isa = PBXTargetDependency;
			target = 9967A4D82C08A6E800960454 /* GK-Demo */;
			targetProxy = 9967A4F62C08A6EA00960454 /* PBXContainerItemProxy */;
		};
/* End PBXTargetDependency section */

/* Begin XCBuildConfiguration section */
		9967A4FD2C08A6EA00960454 /* Debug */ = {
			isa = XCBuildConfiguration;
			buildSettings = {
				ALWAYS_SEARCH_USER_PATHS = NO;
				ASSETCATALOG_COMPILER_GENERATE_SWIFT_ASSET_SYMBOL_EXTENSIONS = YES;
				CLANG_ANALYZER_NONNULL = YES;
				CLANG_ANALYZER_NUMBER_OBJECT_CONVERSION = YES_AGGRESSIVE;
				CLANG_CXX_LANGUAGE_STANDARD = "gnu++20";
				CLANG_ENABLE_MODULES = YES;
				CLANG_ENABLE_OBJC_ARC = YES;
				CLANG_ENABLE_OBJC_WEAK = YES;
				CLANG_WARN_BLOCK_CAPTURE_AUTORELEASING = YES;
				CLANG_WARN_BOOL_CONVERSION = YES;
				CLANG_WARN_COMMA = YES;
				CLANG_WARN_CONSTANT_CONVERSION = YES;
				CLANG_WARN_DEPRECATED_OBJC_IMPLEMENTATIONS = YES;
				CLANG_WARN_DIRECT_OBJC_ISA_USAGE = YES_ERROR;
				CLANG_WARN_DOCUMENTATION_COMMENTS = YES;
				CLANG_WARN_EMPTY_BODY = YES;
				CLANG_WARN_ENUM_CONVERSION = YES;
				CLANG_WARN_INFINITE_RECURSION = YES;
				CLANG_WARN_INT_CONVERSION = YES;
				CLANG_WARN_NON_LITERAL_NULL_CONVERSION = YES;
				CLANG_WARN_OBJC_IMPLICIT_RETAIN_SELF = YES;
				CLANG_WARN_OBJC_LITERAL_CONVERSION = YES;
				CLANG_WARN_OBJC_ROOT_CLASS = YES_ERROR;
				CLANG_WARN_QUOTED_INCLUDE_IN_FRAMEWORK_HEADER = YES;
				CLANG_WARN_RANGE_LOOP_ANALYSIS = YES;
				CLANG_WARN_STRICT_PROTOTYPES = YES;
				CLANG_WARN_SUSPICIOUS_MOVE = YES;
				CLANG_WARN_UNGUARDED_AVAILABILITY = YES_AGGRESSIVE;
				CLANG_WARN_UNREACHABLE_CODE = YES;
				CLANG_WARN__DUPLICATE_METHOD_MATCH = YES;
				COPY_PHASE_STRIP = NO;
				DEBUG_INFORMATION_FORMAT = dwarf;
				ENABLE_STRICT_OBJC_MSGSEND = YES;
				ENABLE_TESTABILITY = YES;
				ENABLE_USER_SCRIPT_SANDBOXING = YES;
				GCC_C_LANGUAGE_STANDARD = gnu17;
				GCC_DYNAMIC_NO_PIC = NO;
				GCC_NO_COMMON_BLOCKS = YES;
				GCC_OPTIMIZATION_LEVEL = 0;
				GCC_PREPROCESSOR_DEFINITIONS = (
					"DEBUG=1",
					"$(inherited)",
				);
				GCC_WARN_64_TO_32_BIT_CONVERSION = YES;
				GCC_WARN_ABOUT_RETURN_TYPE = YES_ERROR;
				GCC_WARN_UNDECLARED_SELECTOR = YES;
				GCC_WARN_UNINITIALIZED_AUTOS = YES_AGGRESSIVE;
				GCC_WARN_UNUSED_FUNCTION = YES;
				GCC_WARN_UNUSED_VARIABLE = YES;
				IPHONEOS_DEPLOYMENT_TARGET = 17.5;
				LOCALIZATION_PREFERS_STRING_CATALOGS = YES;
				MTL_ENABLE_DEBUG_INFO = INCLUDE_SOURCE;
				MTL_FAST_MATH = YES;
				ONLY_ACTIVE_ARCH = YES;
				SDKROOT = iphoneos;
				SWIFT_ACTIVE_COMPILATION_CONDITIONS = "DEBUG $(inherited)";
				SWIFT_OPTIMIZATION_LEVEL = "-Onone";
			};
			name = Debug;
		};
		9967A4FE2C08A6EA00960454 /* Release */ = {
			isa = XCBuildConfiguration;
			buildSettings = {
				ALWAYS_SEARCH_USER_PATHS = NO;
				ASSETCATALOG_COMPILER_GENERATE_SWIFT_ASSET_SYMBOL_EXTENSIONS = YES;
				CLANG_ANALYZER_NONNULL = YES;
				CLANG_ANALYZER_NUMBER_OBJECT_CONVERSION = YES_AGGRESSIVE;
				CLANG_CXX_LANGUAGE_STANDARD = "gnu++20";
				CLANG_ENABLE_MODULES = YES;
				CLANG_ENABLE_OBJC_ARC = YES;
				CLANG_ENABLE_OBJC_WEAK = YES;
				CLANG_WARN_BLOCK_CAPTURE_AUTORELEASING = YES;
				CLANG_WARN_BOOL_CONVERSION = YES;
				CLANG_WARN_COMMA = YES;
				CLANG_WARN_CONSTANT_CONVERSION = YES;
				CLANG_WARN_DEPRECATED_OBJC_IMPLEMENTATIONS = YES;
				CLANG_WARN_DIRECT_OBJC_ISA_USAGE = YES_ERROR;
				CLANG_WARN_DOCUMENTATION_COMMENTS = YES;
				CLANG_WARN_EMPTY_BODY = YES;
				CLANG_WARN_ENUM_CONVERSION = YES;
				CLANG_WARN_INFINITE_RECURSION = YES;
				CLANG_WARN_INT_CONVERSION = YES;
				CLANG_WARN_NON_LITERAL_NULL_CONVERSION = YES;
				CLANG_WARN_OBJC_IMPLICIT_RETAIN_SELF = YES;
				CLANG_WARN_OBJC_LITERAL_CONVERSION = YES;
				CLANG_WARN_OBJC_ROOT_CLASS = YES_ERROR;
				CLANG_WARN_QUOTED_INCLUDE_IN_FRAMEWORK_HEADER = YES;
				CLANG_WARN_RANGE_LOOP_ANALYSIS = YES;
				CLANG_WARN_STRICT_PROTOTYPES = YES;
				CLANG_WARN_SUSPICIOUS_MOVE = YES;
				CLANG_WARN_UNGUARDED_AVAILABILITY = YES_AGGRESSIVE;
				CLANG_WARN_UNREACHABLE_CODE = YES;
				CLANG_WARN__DUPLICATE_METHOD_MATCH = YES;
				COPY_PHASE_STRIP = NO;
				DEBUG_INFORMATION_FORMAT = "dwarf-with-dsym";
				ENABLE_NS_ASSERTIONS = NO;
				ENABLE_STRICT_OBJC_MSGSEND = YES;
				ENABLE_USER_SCRIPT_SANDBOXING = YES;
				GCC_C_LANGUAGE_STANDARD = gnu17;
				GCC_NO_COMMON_BLOCKS = YES;
				GCC_WARN_64_TO_32_BIT_CONVERSION = YES;
				GCC_WARN_ABOUT_RETURN_TYPE = YES_ERROR;
				GCC_WARN_UNDECLARED_SELECTOR = YES;
				GCC_WARN_UNINITIALIZED_AUTOS = YES_AGGRESSIVE;
				GCC_WARN_UNUSED_FUNCTION = YES;
				GCC_WARN_UNUSED_VARIABLE = YES;
				IPHONEOS_DEPLOYMENT_TARGET = 17.5;
				LOCALIZATION_PREFERS_STRING_CATALOGS = YES;
				MTL_ENABLE_DEBUG_INFO = NO;
				MTL_FAST_MATH = YES;
				SDKROOT = iphoneos;
				SWIFT_COMPILATION_MODE = wholemodule;
				VALIDATE_PRODUCT = YES;
			};
			name = Release;
		};
		9967A5002C08A6EA00960454 /* Debug */ = {
			isa = XCBuildConfiguration;
			buildSettings = {
				ASSETCATALOG_COMPILER_APPICON_NAME = AppIcon;
				ASSETCATALOG_COMPILER_GLOBAL_ACCENT_COLOR_NAME = AccentColor;
				CODE_SIGN_STYLE = Automatic;
				CURRENT_PROJECT_VERSION = 1;
				DEVELOPMENT_ASSET_PATHS = "\"GK-Demo/Preview Content\"";
				DEVELOPMENT_TEAM = 3V6K5WB5X3;
				ENABLE_PREVIEWS = YES;
				GENERATE_INFOPLIST_FILE = YES;
				INFOPLIST_KEY_UIApplicationSceneManifest_Generation = YES;
				INFOPLIST_KEY_UIApplicationSupportsIndirectInputEvents = YES;
				INFOPLIST_KEY_UILaunchScreen_Generation = YES;
				INFOPLIST_KEY_UISupportedInterfaceOrientations_iPad = "UIInterfaceOrientationPortrait UIInterfaceOrientationPortraitUpsideDown UIInterfaceOrientationLandscapeLeft UIInterfaceOrientationLandscapeRight";
				INFOPLIST_KEY_UISupportedInterfaceOrientations_iPhone = "UIInterfaceOrientationPortrait UIInterfaceOrientationLandscapeLeft UIInterfaceOrientationLandscapeRight";
				LD_RUNPATH_SEARCH_PATHS = (
					"$(inherited)",
					"@executable_path/Frameworks",
				);
				MARKETING_VERSION = 1.0;
				PRODUCT_BUNDLE_IDENTIFIER = "GO-KOKU.GK-Demo";
				PRODUCT_NAME = "$(TARGET_NAME)";
				SWIFT_EMIT_LOC_STRINGS = YES;
				SWIFT_VERSION = 5.0;
				TARGETED_DEVICE_FAMILY = "1,2";
			};
			name = Debug;
		};
		9967A5012C08A6EA00960454 /* Release */ = {
			isa = XCBuildConfiguration;
			buildSettings = {
				ASSETCATALOG_COMPILER_APPICON_NAME = AppIcon;
				ASSETCATALOG_COMPILER_GLOBAL_ACCENT_COLOR_NAME = AccentColor;
				CODE_SIGN_STYLE = Automatic;
				CURRENT_PROJECT_VERSION = 1;
				DEVELOPMENT_ASSET_PATHS = "\"GK-Demo/Preview Content\"";
				DEVELOPMENT_TEAM = 3V6K5WB5X3;
				ENABLE_PREVIEWS = YES;
				GENERATE_INFOPLIST_FILE = YES;
				INFOPLIST_KEY_UIApplicationSceneManifest_Generation = YES;
				INFOPLIST_KEY_UIApplicationSupportsIndirectInputEvents = YES;
				INFOPLIST_KEY_UILaunchScreen_Generation = YES;
				INFOPLIST_KEY_UISupportedInterfaceOrientations_iPad = "UIInterfaceOrientationPortrait UIInterfaceOrientationPortraitUpsideDown UIInterfaceOrientationLandscapeLeft UIInterfaceOrientationLandscapeRight";
				INFOPLIST_KEY_UISupportedInterfaceOrientations_iPhone = "UIInterfaceOrientationPortrait UIInterfaceOrientationLandscapeLeft UIInterfaceOrientationLandscapeRight";
				LD_RUNPATH_SEARCH_PATHS = (
					"$(inherited)",
					"@executable_path/Frameworks",
				);
				MARKETING_VERSION = 1.0;
				PRODUCT_BUNDLE_IDENTIFIER = "GO-KOKU.GK-Demo";
				PRODUCT_NAME = "$(TARGET_NAME)";
				SWIFT_EMIT_LOC_STRINGS = YES;
				SWIFT_VERSION = 5.0;
				TARGETED_DEVICE_FAMILY = "1,2";
			};
			name = Release;
		};
		9967A5032C08A6EA00960454 /* Debug */ = {
			isa = XCBuildConfiguration;
			buildSettings = {
				ALWAYS_EMBED_SWIFT_STANDARD_LIBRARIES = YES;
				BUNDLE_LOADER = "$(TEST_HOST)";
				CODE_SIGN_STYLE = Automatic;
				CURRENT_PROJECT_VERSION = 1;
				DEVELOPMENT_TEAM = 3V6K5WB5X3;
				GENERATE_INFOPLIST_FILE = YES;
				IPHONEOS_DEPLOYMENT_TARGET = 17.5;
				MARKETING_VERSION = 1.0;
				PRODUCT_BUNDLE_IDENTIFIER = "GO-KOKU.GK-DemoTests";
				PRODUCT_NAME = "$(TARGET_NAME)";
				SWIFT_EMIT_LOC_STRINGS = NO;
				SWIFT_VERSION = 5.0;
				TARGETED_DEVICE_FAMILY = "1,2";
				TEST_HOST = "$(BUILT_PRODUCTS_DIR)/GK-Demo.app/$(BUNDLE_EXECUTABLE_FOLDER_PATH)/GK-Demo";
			};
			name = Debug;
		};
		9967A5042C08A6EA00960454 /* Release */ = {
			isa = XCBuildConfiguration;
			buildSettings = {
				ALWAYS_EMBED_SWIFT_STANDARD_LIBRARIES = YES;
				BUNDLE_LOADER = "$(TEST_HOST)";
				CODE_SIGN_STYLE = Automatic;
				CURRENT_PROJECT_VERSION = 1;
				DEVELOPMENT_TEAM = 3V6K5WB5X3;
				GENERATE_INFOPLIST_FILE = YES;
				IPHONEOS_DEPLOYMENT_TARGET = 17.5;
				MARKETING_VERSION = 1.0;
				PRODUCT_BUNDLE_IDENTIFIER = "GO-KOKU.GK-DemoTests";
				PRODUCT_NAME = "$(TARGET_NAME)";
				SWIFT_EMIT_LOC_STRINGS = NO;
				SWIFT_VERSION = 5.0;
				TARGETED_DEVICE_FAMILY = "1,2";
				TEST_HOST = "$(BUILT_PRODUCTS_DIR)/GK-Demo.app/$(BUNDLE_EXECUTABLE_FOLDER_PATH)/GK-Demo";
			};
			name = Release;
		};
		9967A5062C08A6EA00960454 /* Debug */ = {
			isa = XCBuildConfiguration;
			buildSettings = {
				ALWAYS_EMBED_SWIFT_STANDARD_LIBRARIES = YES;
				CODE_SIGN_STYLE = Automatic;
				CURRENT_PROJECT_VERSION = 1;
				DEVELOPMENT_TEAM = 3V6K5WB5X3;
				GENERATE_INFOPLIST_FILE = YES;
				MARKETING_VERSION = 1.0;
				PRODUCT_BUNDLE_IDENTIFIER = "GO-KOKU.GK-DemoUITests";
				PRODUCT_NAME = "$(TARGET_NAME)";
				SWIFT_EMIT_LOC_STRINGS = NO;
				SWIFT_VERSION = 5.0;
				TARGETED_DEVICE_FAMILY = "1,2";
				TEST_TARGET_NAME = "GK-Demo";
			};
			name = Debug;
		};
		9967A5072C08A6EA00960454 /* Release */ = {
			isa = XCBuildConfiguration;
			buildSettings = {
				ALWAYS_EMBED_SWIFT_STANDARD_LIBRARIES = YES;
				CODE_SIGN_STYLE = Automatic;
				CURRENT_PROJECT_VERSION = 1;
				DEVELOPMENT_TEAM = 3V6K5WB5X3;
				GENERATE_INFOPLIST_FILE = YES;
				MARKETING_VERSION = 1.0;
				PRODUCT_BUNDLE_IDENTIFIER = "GO-KOKU.GK-DemoUITests";
				PRODUCT_NAME = "$(TARGET_NAME)";
				SWIFT_EMIT_LOC_STRINGS = NO;
				SWIFT_VERSION = 5.0;
				TARGETED_DEVICE_FAMILY = "1,2";
				TEST_TARGET_NAME = "GK-Demo";
			};
			name = Release;
		};
/* End XCBuildConfiguration section */

/* Begin XCConfigurationList section */
		9967A4D42C08A6E800960454 /* Build configuration list for PBXProject "GK-Demo" */ = {
			isa = XCConfigurationList;
			buildConfigurations = (
				9967A4FD2C08A6EA00960454 /* Debug */,
				9967A4FE2C08A6EA00960454 /* Release */,
			);
			defaultConfigurationIsVisible = 0;
			defaultConfigurationName = Release;
		};
		9967A4FF2C08A6EA00960454 /* Build configuration list for PBXNativeTarget "GK-Demo" */ = {
			isa = XCConfigurationList;
			buildConfigurations = (
				9967A5002C08A6EA00960454 /* Debug */,
				9967A5012C08A6EA00960454 /* Release */,
			);
			defaultConfigurationIsVisible = 0;
			defaultConfigurationName = Release;
		};
		9967A5022C08A6EA00960454 /* Build configuration list for PBXNativeTarget "GK-DemoTests" */ = {
			isa = XCConfigurationList;
			buildConfigurations = (
				9967A5032C08A6EA00960454 /* Debug */,
				9967A5042C08A6EA00960454 /* Release */,
			);
			defaultConfigurationIsVisible = 0;
			defaultConfigurationName = Release;
		};
		9967A5052C08A6EA00960454 /* Build configuration list for PBXNativeTarget "GK-DemoUITests" */ = {
			isa = XCConfigurationList;
			buildConfigurations = (
				9967A5062C08A6EA00960454 /* Debug */,
				9967A5072C08A6EA00960454 /* Release */,
			);
			defaultConfigurationIsVisible = 0;
			defaultConfigurationName = Release;
		};
/* End XCConfigurationList section */
	};
	rootObject = 9967A4D12C08A6E800960454 /* Project object */;
}
